// !$*UTF8*$!
{
	archiveVersion = 1;
	classes = {
	};
	objectVersion = 50;
	objects = {

/* Begin PBXBuildFile section */
		017C5AF821E71EEB65FDB1E2 /* Pods_iOS_AdsMob_Plug.framework in Frameworks */ = {isa = PBXBuildFile; fileRef = B0AD11CAB780076188F05D49 /* Pods_iOS_AdsMob_Plug.framework */; };
		522BFAB421B8FE4C0011F5DE /* General.swift in Sources */ = {isa = PBXBuildFile; fileRef = 522BFAB321B8FE4C0011F5DE /* General.swift */; };
		522BFAB621B8FE7A0011F5DE /* NoInternetController.swift in Sources */ = {isa = PBXBuildFile; fileRef = 522BFAB521B8FE790011F5DE /* NoInternetController.swift */; };
		52C3095121B26B0900B3B957 /* AppDelegate.swift in Sources */ = {isa = PBXBuildFile; fileRef = 52C3095021B26B0900B3B957 /* AppDelegate.swift */; };
		52C3095321B26B0900B3B957 /* HomeController.swift in Sources */ = {isa = PBXBuildFile; fileRef = 52C3095221B26B0900B3B957 /* HomeController.swift */; };
		52C3095621B26B0900B3B957 /* Main.storyboard in Resources */ = {isa = PBXBuildFile; fileRef = 52C3095421B26B0900B3B957 /* Main.storyboard */; };
		52C3095821B26B0B00B3B957 /* Assets.xcassets in Resources */ = {isa = PBXBuildFile; fileRef = 52C3095721B26B0B00B3B957 /* Assets.xcassets */; };
		52C3095B21B26B0B00B3B957 /* LaunchScreen.storyboard in Resources */ = {isa = PBXBuildFile; fileRef = 52C3095921B26B0B00B3B957 /* LaunchScreen.storyboard */; };
		52C3096321B2729C00B3B957 /* GoogleService-Info.plist in Resources */ = {isa = PBXBuildFile; fileRef = 52C3096221B2729C00B3B957 /* GoogleService-Info.plist */; };
		52C3096521B283FE00B3B957 /* BannerAdsController.swift in Sources */ = {isa = PBXBuildFile; fileRef = 52C3096421B283FE00B3B957 /* BannerAdsController.swift */; };
		52C3096721B2882500B3B957 /* InterstitialController.swift in Sources */ = {isa = PBXBuildFile; fileRef = 52C3096621B2882500B3B957 /* InterstitialController.swift */; };
		52C3096921B2A3FC00B3B957 /* RewardedVideoController.swift in Sources */ = {isa = PBXBuildFile; fileRef = 52C3096821B2A3FC00B3B957 /* RewardedVideoController.swift */; };
		52C3096B21B2C00900B3B957 /* NativeController.swift in Sources */ = {isa = PBXBuildFile; fileRef = 52C3096A21B2C00900B3B957 /* NativeController.swift */; };
		52C3096D21B2DA1200B3B957 /* UnifiedNativeAdView.xib in Resources */ = {isa = PBXBuildFile; fileRef = 52C3096C21B2DA1200B3B957 /* UnifiedNativeAdView.xib */; };
		52C3096F21B2F2F800B3B957 /* InfoViewController.swift in Sources */ = {isa = PBXBuildFile; fileRef = 52C3096E21B2F2F800B3B957 /* InfoViewController.swift */; };
		52D3B16721BA4D5F0064D257 /* FirebaseCore.framework in Frameworks */ = {isa = PBXBuildFile; fileRef = 52D3B16621BA4D5F0064D257 /* FirebaseCore.framework */; };
		52D3B16921BA4D5F0064D257 /* GoogleUtilities.framework in Frameworks */ = {isa = PBXBuildFile; fileRef = 52D3B16821BA4D5F0064D257 /* GoogleUtilities.framework */; };
/* End PBXBuildFile section */

/* Begin PBXFileReference section */
		522BFAB321B8FE4C0011F5DE /* General.swift */ = {isa = PBXFileReference; fileEncoding = 4; lastKnownFileType = sourcecode.swift; path = General.swift; sourceTree = "<group>"; };
		522BFAB521B8FE790011F5DE /* NoInternetController.swift */ = {isa = PBXFileReference; fileEncoding = 4; lastKnownFileType = sourcecode.swift; path = NoInternetController.swift; sourceTree = "<group>"; };
		52C3094D21B26B0900B3B957 /* iOS_AdsMob_Plug.app */ = {isa = PBXFileReference; explicitFileType = wrapper.application; includeInIndex = 0; path = iOS_AdsMob_Plug.app; sourceTree = BUILT_PRODUCTS_DIR; };
		52C3095021B26B0900B3B957 /* AppDelegate.swift */ = {isa = PBXFileReference; lastKnownFileType = sourcecode.swift; path = AppDelegate.swift; sourceTree = "<group>"; };
		52C3095221B26B0900B3B957 /* HomeController.swift */ = {isa = PBXFileReference; lastKnownFileType = sourcecode.swift; path = HomeController.swift; sourceTree = "<group>"; };
		52C3095521B26B0900B3B957 /* Base */ = {isa = PBXFileReference; lastKnownFileType = file.storyboard; name = Base; path = Base.lproj/Main.storyboard; sourceTree = "<group>"; };
		52C3095721B26B0B00B3B957 /* Assets.xcassets */ = {isa = PBXFileReference; lastKnownFileType = folder.assetcatalog; path = Assets.xcassets; sourceTree = "<group>"; };
		52C3095A21B26B0B00B3B957 /* Base */ = {isa = PBXFileReference; lastKnownFileType = file.storyboard; name = Base; path = Base.lproj/LaunchScreen.storyboard; sourceTree = "<group>"; };
		52C3095C21B26B0B00B3B957 /* Info.plist */ = {isa = PBXFileReference; lastKnownFileType = text.plist.xml; path = Info.plist; sourceTree = "<group>"; };
		52C3096221B2729C00B3B957 /* GoogleService-Info.plist */ = {isa = PBXFileReference; fileEncoding = 4; lastKnownFileType = text.plist.xml; path = "GoogleService-Info.plist"; sourceTree = "<group>"; };
		52C3096421B283FE00B3B957 /* BannerAdsController.swift */ = {isa = PBXFileReference; lastKnownFileType = sourcecode.swift; path = BannerAdsController.swift; sourceTree = "<group>"; };
		52C3096621B2882500B3B957 /* InterstitialController.swift */ = {isa = PBXFileReference; lastKnownFileType = sourcecode.swift; path = InterstitialController.swift; sourceTree = "<group>"; };
		52C3096821B2A3FC00B3B957 /* RewardedVideoController.swift */ = {isa = PBXFileReference; lastKnownFileType = sourcecode.swift; path = RewardedVideoController.swift; sourceTree = "<group>"; };
		52C3096A21B2C00900B3B957 /* NativeController.swift */ = {isa = PBXFileReference; lastKnownFileType = sourcecode.swift; path = NativeController.swift; sourceTree = "<group>"; };
		52C3096C21B2DA1200B3B957 /* UnifiedNativeAdView.xib */ = {isa = PBXFileReference; lastKnownFileType = file.xib; path = UnifiedNativeAdView.xib; sourceTree = "<group>"; };
		52C3096E21B2F2F800B3B957 /* InfoViewController.swift */ = {isa = PBXFileReference; lastKnownFileType = sourcecode.swift; path = InfoViewController.swift; sourceTree = "<group>"; };
		52D3B16621BA4D5F0064D257 /* FirebaseCore.framework */ = {isa = PBXFileReference; explicitFileType = wrapper.framework; path = FirebaseCore.framework; sourceTree = BUILT_PRODUCTS_DIR; };
		52D3B16821BA4D5F0064D257 /* GoogleUtilities.framework */ = {isa = PBXFileReference; explicitFileType = wrapper.framework; path = GoogleUtilities.framework; sourceTree = BUILT_PRODUCTS_DIR; };
		52D3B16A21BA4D5F0064D257 /* nanopb.framework */ = {isa = PBXFileReference; explicitFileType = wrapper.framework; path = nanopb.framework; sourceTree = BUILT_PRODUCTS_DIR; };
		62F64CF92DA25482BD28FCBA /* Pods-iOS_AdsMob_Plug.release.xcconfig */ = {isa = PBXFileReference; includeInIndex = 1; lastKnownFileType = text.xcconfig; name = "Pods-iOS_AdsMob_Plug.release.xcconfig"; path = "Pods/Target Support Files/Pods-iOS_AdsMob_Plug/Pods-iOS_AdsMob_Plug.release.xcconfig"; sourceTree = "<group>"; };
		7D6641AB8C6D098B89F39276 /* Pods-iOS_AdsMob_Plug.debug.xcconfig */ = {isa = PBXFileReference; includeInIndex = 1; lastKnownFileType = text.xcconfig; name = "Pods-iOS_AdsMob_Plug.debug.xcconfig"; path = "Pods/Target Support Files/Pods-iOS_AdsMob_Plug/Pods-iOS_AdsMob_Plug.debug.xcconfig"; sourceTree = "<group>"; };
		B0AD11CAB780076188F05D49 /* Pods_iOS_AdsMob_Plug.framework */ = {isa = PBXFileReference; explicitFileType = wrapper.framework; includeInIndex = 0; path = Pods_iOS_AdsMob_Plug.framework; sourceTree = BUILT_PRODUCTS_DIR; };
/* End PBXFileReference section */

/* Begin PBXFrameworksBuildPhase section */
		52C3094A21B26B0900B3B957 /* Frameworks */ = {
			isa = PBXFrameworksBuildPhase;
			buildActionMask = 2147483647;
			files = (
				52D3B16721BA4D5F0064D257 /* FirebaseCore.framework in Frameworks */,
				52D3B16921BA4D5F0064D257 /* GoogleUtilities.framework in Frameworks */,
				017C5AF821E71EEB65FDB1E2 /* Pods_iOS_AdsMob_Plug.framework in Frameworks */,
			);
			runOnlyForDeploymentPostprocessing = 0;
		};
/* End PBXFrameworksBuildPhase section */

/* Begin PBXGroup section */
		52C3094421B26B0900B3B957 = {
			isa = PBXGroup;
			children = (
				52C3094F21B26B0900B3B957 /* iOS_AdsMob_Plug */,
				52C3094E21B26B0900B3B957 /* Products */,
				855DC79F0342B58F35E102D5 /* Pods */,
				C39C2FFD0C545105998B802C /* Frameworks */,
			);
			sourceTree = "<group>";
		};
		52C3094E21B26B0900B3B957 /* Products */ = {
			isa = PBXGroup;
			children = (
				52C3094D21B26B0900B3B957 /* iOS_AdsMob_Plug.app */,
			);
			name = Products;
			sourceTree = "<group>";
		};
		52C3094F21B26B0900B3B957 /* iOS_AdsMob_Plug */ = {
			isa = PBXGroup;
			children = (
				52C3096221B2729C00B3B957 /* GoogleService-Info.plist */,
				52C3095021B26B0900B3B957 /* AppDelegate.swift */,
				52C3096421B283FE00B3B957 /* BannerAdsController.swift */,
				52C3096621B2882500B3B957 /* InterstitialController.swift */,
				52C3096A21B2C00900B3B957 /* NativeController.swift */,
				52C3096821B2A3FC00B3B957 /* RewardedVideoController.swift */,
				52C3095221B26B0900B3B957 /* HomeController.swift */,
				52C3096E21B2F2F800B3B957 /* InfoViewController.swift */,
				522BFAB321B8FE4C0011F5DE /* General.swift */,
				522BFAB521B8FE790011F5DE /* NoInternetController.swift */,
				52C3096C21B2DA1200B3B957 /* UnifiedNativeAdView.xib */,
				52C3095421B26B0900B3B957 /* Main.storyboard */,
				52C3095721B26B0B00B3B957 /* Assets.xcassets */,
				52C3095921B26B0B00B3B957 /* LaunchScreen.storyboard */,
				52C3095C21B26B0B00B3B957 /* Info.plist */,
			);
			path = iOS_AdsMob_Plug;
			sourceTree = "<group>";
		};
		855DC79F0342B58F35E102D5 /* Pods */ = {
			isa = PBXGroup;
			children = (
				7D6641AB8C6D098B89F39276 /* Pods-iOS_AdsMob_Plug.debug.xcconfig */,
				62F64CF92DA25482BD28FCBA /* Pods-iOS_AdsMob_Plug.release.xcconfig */,
			);
			name = Pods;
			sourceTree = "<group>";
		};
		C39C2FFD0C545105998B802C /* Frameworks */ = {
			isa = PBXGroup;
			children = (
				52D3B16621BA4D5F0064D257 /* FirebaseCore.framework */,
				52D3B16821BA4D5F0064D257 /* GoogleUtilities.framework */,
				52D3B16A21BA4D5F0064D257 /* nanopb.framework */,
				B0AD11CAB780076188F05D49 /* Pods_iOS_AdsMob_Plug.framework */,
			);
			name = Frameworks;
			sourceTree = "<group>";
		};
/* End PBXGroup section */

/* Begin PBXNativeTarget section */
		52C3094C21B26B0900B3B957 /* iOS_AdsMob_Plug */ = {
			isa = PBXNativeTarget;
			buildConfigurationList = 52C3095F21B26B0B00B3B957 /* Build configuration list for PBXNativeTarget "iOS_AdsMob_Plug" */;
			buildPhases = (
				90DBD95BE8E583C5BDDF4F39 /* [CP] Check Pods Manifest.lock */,
				52C3094921B26B0900B3B957 /* Sources */,
				52C3094A21B26B0900B3B957 /* Frameworks */,
				52C3094B21B26B0900B3B957 /* Resources */,
				8D1A1ABB3B2D8D1249B65DE6 /* [CP] Embed Pods Frameworks */,
			);
			buildRules = (
			);
			dependencies = (
			);
			name = iOS_AdsMob_Plug;
			productName = iOS_AdsMob_Plug;
			productReference = 52C3094D21B26B0900B3B957 /* iOS_AdsMob_Plug.app */;
			productType = "com.apple.product-type.application";
		};
/* End PBXNativeTarget section */

/* Begin PBXProject section */
		52C3094521B26B0900B3B957 /* Project object */ = {
			isa = PBXProject;
			attributes = {
				LastSwiftUpdateCheck = 0940;
				LastUpgradeCheck = 0940;
				ORGANIZATIONNAME = "Omni-Bridge";
				TargetAttributes = {
					52C3094C21B26B0900B3B957 = {
						CreatedOnToolsVersion = 9.4;
					};
				};
			};
			buildConfigurationList = 52C3094821B26B0900B3B957 /* Build configuration list for PBXProject "iOS_AdsMob_Plug" */;
			compatibilityVersion = "Xcode 9.3";
			developmentRegion = en;
			hasScannedForEncodings = 0;
			knownRegions = (
				en,
				Base,
			);
			mainGroup = 52C3094421B26B0900B3B957;
			productRefGroup = 52C3094E21B26B0900B3B957 /* Products */;
			projectDirPath = "";
			projectRoot = "";
			targets = (
				52C3094C21B26B0900B3B957 /* iOS_AdsMob_Plug */,
			);
		};
/* End PBXProject section */

/* Begin PBXResourcesBuildPhase section */
		52C3094B21B26B0900B3B957 /* Resources */ = {
			isa = PBXResourcesBuildPhase;
			buildActionMask = 2147483647;
			files = (
				52C3095B21B26B0B00B3B957 /* LaunchScreen.storyboard in Resources */,
				52C3096321B2729C00B3B957 /* GoogleService-Info.plist in Resources */,
				52C3095821B26B0B00B3B957 /* Assets.xcassets in Resources */,
				52C3095621B26B0900B3B957 /* Main.storyboard in Resources */,
				52C3096D21B2DA1200B3B957 /* UnifiedNativeAdView.xib in Resources */,
			);
			runOnlyForDeploymentPostprocessing = 0;
		};
/* End PBXResourcesBuildPhase section */

/* Begin PBXShellScriptBuildPhase section */
		8D1A1ABB3B2D8D1249B65DE6 /* [CP] Embed Pods Frameworks */ = {
			isa = PBXShellScriptBuildPhase;
			buildActionMask = 2147483647;
			files = (
			);
			inputPaths = (
				"${PODS_ROOT}/Target Support Files/Pods-iOS_AdsMob_Plug/Pods-iOS_AdsMob_Plug-frameworks.sh",
				"${BUILT_PRODUCTS_DIR}/GoogleUtilities/GoogleUtilities.framework",
				"${BUILT_PRODUCTS_DIR}/nanopb/nanopb.framework",
			);
			name = "[CP] Embed Pods Frameworks";
			outputPaths = (
				"${TARGET_BUILD_DIR}/${FRAMEWORKS_FOLDER_PATH}/GoogleUtilities.framework",
				"${TARGET_BUILD_DIR}/${FRAMEWORKS_FOLDER_PATH}/nanopb.framework",
			);
			runOnlyForDeploymentPostprocessing = 0;
			shellPath = /bin/sh;
			shellScript = "\"${PODS_ROOT}/Target Support Files/Pods-iOS_AdsMob_Plug/Pods-iOS_AdsMob_Plug-frameworks.sh\"\n";
			showEnvVarsInLog = 0;
		};
		90DBD95BE8E583C5BDDF4F39 /* [CP] Check Pods Manifest.lock */ = {
			isa = PBXShellScriptBuildPhase;
			buildActionMask = 2147483647;
			files = (
			);
			inputPaths = (
				"${PODS_PODFILE_DIR_PATH}/Podfile.lock",
				"${PODS_ROOT}/Manifest.lock",
			);
			name = "[CP] Check Pods Manifest.lock";
			outputPaths = (
				"$(DERIVED_FILE_DIR)/Pods-iOS_AdsMob_Plug-checkManifestLockResult.txt",
			);
			runOnlyForDeploymentPostprocessing = 0;
			shellPath = /bin/sh;
			shellScript = "diff \"${PODS_PODFILE_DIR_PATH}/Podfile.lock\" \"${PODS_ROOT}/Manifest.lock\" > /dev/null\nif [ $? != 0 ] ; then\n    # print error to STDERR\n    echo \"error: The sandbox is not in sync with the Podfile.lock. Run 'pod install' or update your CocoaPods installation.\" >&2\n    exit 1\nfi\n# This output is used by Xcode 'outputs' to avoid re-running this script phase.\necho \"SUCCESS\" > \"${SCRIPT_OUTPUT_FILE_0}\"\n";
			showEnvVarsInLog = 0;
		};
/* End PBXShellScriptBuildPhase section */

/* Begin PBXSourcesBuildPhase section */
		52C3094921B26B0900B3B957 /* Sources */ = {
			isa = PBXSourcesBuildPhase;
			buildActionMask = 2147483647;
			files = (
				52C3096721B2882500B3B957 /* InterstitialController.swift in Sources */,
				52C3095321B26B0900B3B957 /* HomeController.swift in Sources */,
				52C3096921B2A3FC00B3B957 /* RewardedVideoController.swift in Sources */,
				52C3096F21B2F2F800B3B957 /* InfoViewController.swift in Sources */,
				52C3095121B26B0900B3B957 /* AppDelegate.swift in Sources */,
				52C3096B21B2C00900B3B957 /* NativeController.swift in Sources */,
				522BFAB421B8FE4C0011F5DE /* General.swift in Sources */,
				522BFAB621B8FE7A0011F5DE /* NoInternetController.swift in Sources */,
				52C3096521B283FE00B3B957 /* BannerAdsController.swift in Sources */,
			);
			runOnlyForDeploymentPostprocessing = 0;
		};
/* End PBXSourcesBuildPhase section */

/* Begin PBXVariantGroup section */
		52C3095421B26B0900B3B957 /* Main.storyboard */ = {
			isa = PBXVariantGroup;
			children = (
				52C3095521B26B0900B3B957 /* Base */,
			);
			name = Main.storyboard;
			sourceTree = "<group>";
		};
		52C3095921B26B0B00B3B957 /* LaunchScreen.storyboard */ = {
			isa = PBXVariantGroup;
			children = (
				52C3095A21B26B0B00B3B957 /* Base */,
			);
			name = LaunchScreen.storyboard;
			sourceTree = "<group>";
		};
/* End PBXVariantGroup section */

/* Begin XCBuildConfiguration section */
		52C3095D21B26B0B00B3B957 /* Debug */ = {
			isa = XCBuildConfiguration;
			buildSettings = {
				ALWAYS_SEARCH_USER_PATHS = NO;
				CLANG_ANALYZER_NONNULL = YES;
				CLANG_ANALYZER_NUMBER_OBJECT_CONVERSION = YES_AGGRESSIVE;
				CLANG_CXX_LANGUAGE_STANDARD = "gnu++14";
				CLANG_CXX_LIBRARY = "libc++";
				CLANG_ENABLE_MODULES = YES;
				CLANG_ENABLE_OBJC_ARC = YES;
				CLANG_ENABLE_OBJC_WEAK = YES;
				CLANG_WARN_BLOCK_CAPTURE_AUTORELEASING = YES;
				CLANG_WARN_BOOL_CONVERSION = YES;
				CLANG_WARN_COMMA = YES;
				CLANG_WARN_CONSTANT_CONVERSION = YES;
				CLANG_WARN_DEPRECATED_OBJC_IMPLEMENTATIONS = YES;
				CLANG_WARN_DIRECT_OBJC_ISA_USAGE = YES_ERROR;
				CLANG_WARN_DOCUMENTATION_COMMENTS = YES;
				CLANG_WARN_EMPTY_BODY = YES;
				CLANG_WARN_ENUM_CONVERSION = YES;
				CLANG_WARN_INFINITE_RECURSION = YES;
				CLANG_WARN_INT_CONVERSION = YES;
				CLANG_WARN_NON_LITERAL_NULL_CONVERSION = YES;
				CLANG_WARN_OBJC_IMPLICIT_RETAIN_SELF = YES;
				CLANG_WARN_OBJC_LITERAL_CONVERSION = YES;
				CLANG_WARN_OBJC_ROOT_CLASS = YES_ERROR;
				CLANG_WARN_RANGE_LOOP_ANALYSIS = YES;
				CLANG_WARN_STRICT_PROTOTYPES = YES;
				CLANG_WARN_SUSPICIOUS_MOVE = YES;
				CLANG_WARN_UNGUARDED_AVAILABILITY = YES_AGGRESSIVE;
				CLANG_WARN_UNREACHABLE_CODE = YES;
				CLANG_WARN__DUPLICATE_METHOD_MATCH = YES;
				CODE_SIGN_IDENTITY = "iPhone Developer";
				COPY_PHASE_STRIP = NO;
				DEBUG_INFORMATION_FORMAT = dwarf;
				ENABLE_STRICT_OBJC_MSGSEND = YES;
				ENABLE_TESTABILITY = YES;
				GCC_C_LANGUAGE_STANDARD = gnu11;
				GCC_DYNAMIC_NO_PIC = NO;
				GCC_NO_COMMON_BLOCKS = YES;
				GCC_OPTIMIZATION_LEVEL = 0;
				GCC_PREPROCESSOR_DEFINITIONS = (
					"DEBUG=1",
					"$(inherited)",
				);
				GCC_WARN_64_TO_32_BIT_CONVERSION = YES;
				GCC_WARN_ABOUT_RETURN_TYPE = YES_ERROR;
				GCC_WARN_UNDECLARED_SELECTOR = YES;
				GCC_WARN_UNINITIALIZED_AUTOS = YES_AGGRESSIVE;
				GCC_WARN_UNUSED_FUNCTION = YES;
				GCC_WARN_UNUSED_VARIABLE = YES;
				IPHONEOS_DEPLOYMENT_TARGET = 11.4;
				MTL_ENABLE_DEBUG_INFO = YES;
				ONLY_ACTIVE_ARCH = YES;
				SDKROOT = iphoneos;
				SWIFT_ACTIVE_COMPILATION_CONDITIONS = DEBUG;
				SWIFT_OPTIMIZATION_LEVEL = "-Onone";
			};
			name = Debug;
		};
		52C3095E21B26B0B00B3B957 /* Release */ = {
			isa = XCBuildConfiguration;
			buildSettings = {
				ALWAYS_SEARCH_USER_PATHS = NO;
				CLANG_ANALYZER_NONNULL = YES;
				CLANG_ANALYZER_NUMBER_OBJECT_CONVERSION = YES_AGGRESSIVE;
				CLANG_CXX_LANGUAGE_STANDARD = "gnu++14";
				CLANG_CXX_LIBRARY = "libc++";
				CLANG_ENABLE_MODULES = YES;
				CLANG_ENABLE_OBJC_ARC = YES;
				CLANG_ENABLE_OBJC_WEAK = YES;
				CLANG_WARN_BLOCK_CAPTURE_AUTORELEASING = YES;
				CLANG_WARN_BOOL_CONVERSION = YES;
				CLANG_WARN_COMMA = YES;
				CLANG_WARN_CONSTANT_CONVERSION = YES;
				CLANG_WARN_DEPRECATED_OBJC_IMPLEMENTATIONS = YES;
				CLANG_WARN_DIRECT_OBJC_ISA_USAGE = YES_ERROR;
				CLANG_WARN_DOCUMENTATION_COMMENTS = YES;
				CLANG_WARN_EMPTY_BODY = YES;
				CLANG_WARN_ENUM_CONVERSION = YES;
				CLANG_WARN_INFINITE_RECURSION = YES;
				CLANG_WARN_INT_CONVERSION = YES;
				CLANG_WARN_NON_LITERAL_NULL_CONVERSION = YES;
				CLANG_WARN_OBJC_IMPLICIT_RETAIN_SELF = YES;
				CLANG_WARN_OBJC_LITERAL_CONVERSION = YES;
				CLANG_WARN_OBJC_ROOT_CLASS = YES_ERROR;
				CLANG_WARN_RANGE_LOOP_ANALYSIS = YES;
				CLANG_WARN_STRICT_PROTOTYPES = YES;
				CLANG_WARN_SUSPICIOUS_MOVE = YES;
				CLANG_WARN_UNGUARDED_AVAILABILITY = YES_AGGRESSIVE;
				CLANG_WARN_UNREACHABLE_CODE = YES;
				CLANG_WARN__DUPLICATE_METHOD_MATCH = YES;
				CODE_SIGN_IDENTITY = "iPhone Developer";
				COPY_PHASE_STRIP = NO;
				DEBUG_INFORMATION_FORMAT = "dwarf-with-dsym";
				ENABLE_NS_ASSERTIONS = NO;
				ENABLE_STRICT_OBJC_MSGSEND = YES;
				GCC_C_LANGUAGE_STANDARD = gnu11;
				GCC_NO_COMMON_BLOCKS = YES;
				GCC_WARN_64_TO_32_BIT_CONVERSION = YES;
				GCC_WARN_ABOUT_RETURN_TYPE = YES_ERROR;
				GCC_WARN_UNDECLARED_SELECTOR = YES;
				GCC_WARN_UNINITIALIZED_AUTOS = YES_AGGRESSIVE;
				GCC_WARN_UNUSED_FUNCTION = YES;
				GCC_WARN_UNUSED_VARIABLE = YES;
				IPHONEOS_DEPLOYMENT_TARGET = 11.4;
				MTL_ENABLE_DEBUG_INFO = NO;
				SDKROOT = iphoneos;
				SWIFT_COMPILATION_MODE = wholemodule;
				SWIFT_OPTIMIZATION_LEVEL = "-O";
				VALIDATE_PRODUCT = YES;
			};
			name = Release;
		};
		52C3096021B26B0B00B3B957 /* Debug */ = {
			isa = XCBuildConfiguration;
			baseConfigurationReference = 7D6641AB8C6D098B89F39276 /* Pods-iOS_AdsMob_Plug.debug.xcconfig */;
			buildSettings = {
				ASSETCATALOG_COMPILER_APPICON_NAME = AppIcon;
				CODE_SIGN_STYLE = Automatic;
				DEVELOPMENT_TEAM = 62YKTFE2C9;
				INFOPLIST_FILE = iOS_AdsMob_Plug/Info.plist;
				IPHONEOS_DEPLOYMENT_TARGET = 9.0;
				LD_RUNPATH_SEARCH_PATHS = (
					"$(inherited)",
					"@executable_path/Frameworks",
				);
				PRODUCT_BUNDLE_IDENTIFIER = "com.ob.-.iOS-AdsMob-Plug";
				PRODUCT_NAME = "$(TARGET_NAME)";
				SWIFT_VERSION = 4.0;
				TARGETED_DEVICE_FAMILY = "1,2";
			};
			name = Debug;
		};
		52C3096121B26B0B00B3B957 /* Release */ = {
			isa = XCBuildConfiguration;
			baseConfigurationReference = 62F64CF92DA25482BD28FCBA /* Pods-iOS_AdsMob_Plug.release.xcconfig */;
			buildSettings = {
				ASSETCATALOG_COMPILER_APPICON_NAME = AppIcon;
				CODE_SIGN_STYLE = Automatic;
				DEVELOPMENT_TEAM = 62YKTFE2C9;
				INFOPLIST_FILE = iOS_AdsMob_Plug/Info.plist;
				IPHONEOS_DEPLOYMENT_TARGET = 9.0;
				LD_RUNPATH_SEARCH_PATHS = (
					"$(inherited)",
					"@executable_path/Frameworks",
				);
				PRODUCT_BUNDLE_IDENTIFIER = "com.ob.-.iOS-AdsMob-Plug";
				PRODUCT_NAME = "$(TARGET_NAME)";
				SWIFT_VERSION = 4.0;
				TARGETED_DEVICE_FAMILY = "1,2";
			};
			name = Release;
		};
/* End XCBuildConfiguration section */

/* Begin XCConfigurationList section */
		52C3094821B26B0900B3B957 /* Build configuration list for PBXProject "iOS_AdsMob_Plug" */ = {
			isa = XCConfigurationList;
			buildConfigurations = (
				52C3095D21B26B0B00B3B957 /* Debug */,
				52C3095E21B26B0B00B3B957 /* Release */,
			);
			defaultConfigurationIsVisible = 0;
			defaultConfigurationName = Release;
		};
		52C3095F21B26B0B00B3B957 /* Build configuration list for PBXNativeTarget "iOS_AdsMob_Plug" */ = {
			isa = XCConfigurationList;
			buildConfigurations = (
				52C3096021B26B0B00B3B957 /* Debug */,
				52C3096121B26B0B00B3B957 /* Release */,
			);
			defaultConfigurationIsVisible = 0;
			defaultConfigurationName = Release;
		};
/* End XCConfigurationList section */
	};
	rootObject = 52C3094521B26B0900B3B957 /* Project object */;
}
